
Microsoft Visual Studio Solution File, Format Version 12.00
# Visual Studio Version 17
VisualStudioVersion = 17.12.35506.116
MinimumVisualStudioVersion = 10.0.40219.1
Project("{FAE04EC0-301F-11D3-BF4B-00C04F79EFBC}") = "WebApp", "WebApp\WebApp.csproj", "{2F0A31CD-8E5F-4779-AAC0-E3259521AC18}"
EndProject
Project("{FAE04EC0-301F-11D3-BF4B-00C04F79EFBC}") = "Data", "Data\Data.csproj", "{FCCDEFDB-B7F6-4C50-9082-FDBD99A842AE}"
EndProject
Project("{FAE04EC0-301F-11D3-BF4B-00C04F79EFBC}") = "Business", "Business\Business.csproj", "{C1BA6E01-A6FA-4280-8024-CBD9ACD60BBF}"
EndProject
Project("{FAE04EC0-301F-11D3-BF4B-00C04F79EFBC}") = "Domain", "Domain\Domain.csproj", "{517500DC-5F7C-4AD4-8861-2C1F7C98F048}"
EndProject
Global
	GlobalSection(SolutionConfigurationPlatforms) = preSolution
		Debug|Any CPU = Debug|Any CPU
		Release|Any CPU = Release|Any CPU
	EndGlobalSection
	GlobalSection(ProjectConfigurationPlatforms) = postSolution
		{2F0A31CD-8E5F-4779-AAC0-E3259521AC18}.Debug|Any CPU.ActiveCfg = Debug|Any CPU
		{2F0A31CD-8E5F-4779-AAC0-E3259521AC18}.Debug|Any CPU.Build.0 = Debug|Any CPU
		{2F0A31CD-8E5F-4779-AAC0-E3259521AC18}.Release|Any CPU.ActiveCfg = Release|Any CPU
		{2F0A31CD-8E5F-4779-AAC0-E3259521AC18}.Release|Any CPU.Build.0 = Release|Any CPU
		{FCCDEFDB-B7F6-4C50-9082-FDBD99A842AE}.Debug|Any CPU.ActiveCfg = Debug|Any CPU
		{FCCDEFDB-B7F6-4C50-9082-FDBD99A842AE}.Debug|Any CPU.Build.0 = Debug|Any CPU
		{FCCDEFDB-B7F6-4C50-9082-FDBD99A842AE}.Release|Any CPU.ActiveCfg = Release|Any CPU
		{FCCDEFDB-B7F6-4C50-9082-FDBD99A842AE}.Release|Any CPU.Build.0 = Release|Any CPU
		{C1BA6E01-A6FA-4280-8024-CBD9ACD60BBF}.Debug|Any CPU.ActiveCfg = Debug|Any CPU
		{C1BA6E01-A6FA-4280-8024-CBD9ACD60BBF}.Debug|Any CPU.Build.0 = Debug|Any CPU
		{C1BA6E01-A6FA-4280-8024-CBD9ACD60BBF}.Release|Any CPU.ActiveCfg = Release|Any CPU
		{C1BA6E01-A6FA-4280-8024-CBD9ACD60BBF}.Release|Any CPU.Build.0 = Release|Any CPU
		{517500DC-5F7C-4AD4-8861-2C1F7C98F048}.Debug|Any CPU.ActiveCfg = Debug|Any CPU
		{517500DC-5F7C-4AD4-8861-2C1F7C98F048}.Debug|Any CPU.Build.0 = Debug|Any CPU
		{517500DC-5F7C-4AD4-8861-2C1F7C98F048}.Release|Any CPU.ActiveCfg = Release|Any CPU
		{517500DC-5F7C-4AD4-8861-2C1F7C98F048}.Release|Any CPU.Build.0 = Release|Any CPU
	EndGlobalSection
	GlobalSection(SolutionProperties) = preSolution
		HideSolutionNode = FALSE
	EndGlobalSection
EndGlobal
